
Microsoft Visual Studio Solution File, Format Version 12.00
# Visual Studio Version 16
VisualStudioVersion = 16.0.30523.141
MinimumVisualStudioVersion = 10.0.40219.1
Project("{2150E333-8FDC-42A3-9474-1A3956D46DE8}") = "Solution Items", "Solution Items", "{C6C2BCE6-73AC-4EDC-A08D-B12B2FF434CB}"
	ProjectSection(SolutionItems) = preProject
		readme.md = readme.md
	EndProjectSection
EndProject
Project("{9A19103F-16F7-4668-BE54-9A1E7A4F7556}") = "Vapolia.UserInteraction", "Vapolia.UserInteraction\Vapolia.UserInteraction.csproj", "{77F548F2-9BA8-4EAE-864A-5FA4F7DAE547}"
EndProject
Project("{2150E333-8FDC-42A3-9474-1A3956D46DE8}") = "Demo", "Demo", "{40F36E27-C135-4B79-BD8F-D50F04E380DE}"
EndProject
Project("{FAE04EC0-301F-11D3-BF4B-00C04F79EFBC}") = "UserInteractionDemo", "UserInteractionDemo\UserInteractionDemo.csproj", "{8FB47016-57CD-44DA-B08C-E21B2E1B7F91}"
EndProject
Global
	GlobalSection(SolutionConfigurationPlatforms) = preSolution
		Debug|Any CPU = Debug|Any CPU
		Debug|iPhone = Debug|iPhone
		Debug|iPhoneSimulator = Debug|iPhoneSimulator
		Release|Any CPU = Release|Any CPU
		Release|iPhone = Release|iPhone
		Release|iPhoneSimulator = Release|iPhoneSimulator
	EndGlobalSection
	GlobalSection(ProjectConfigurationPlatforms) = postSolution
		{77F548F2-9BA8-4EAE-864A-5FA4F7DAE547}.Debug|Any CPU.ActiveCfg = Debug|Any CPU
		{77F548F2-9BA8-4EAE-864A-5FA4F7DAE547}.Debug|Any CPU.Build.0 = Debug|Any CPU
		{77F548F2-9BA8-4EAE-864A-5FA4F7DAE547}.Debug|iPhone.ActiveCfg = Debug|Any CPU
		{77F548F2-9BA8-4EAE-864A-5FA4F7DAE547}.Debug|iPhone.Build.0 = Debug|Any CPU
		{77F548F2-9BA8-4EAE-864A-5FA4F7DAE547}.Debug|iPhoneSimulator.ActiveCfg = Debug|Any CPU
		{77F548F2-9BA8-4EAE-864A-5FA4F7DAE547}.Debug|iPhoneSimulator.Build.0 = Debug|Any CPU
		{77F548F2-9BA8-4EAE-864A-5FA4F7DAE547}.Release|Any CPU.ActiveCfg = Release|Any CPU
		{77F548F2-9BA8-4EAE-864A-5FA4F7DAE547}.Release|Any CPU.Build.0 = Release|Any CPU
		{77F548F2-9BA8-4EAE-864A-5FA4F7DAE547}.Release|iPhone.ActiveCfg = Release|Any CPU
		{77F548F2-9BA8-4EAE-864A-5FA4F7DAE547}.Release|iPhone.Build.0 = Release|Any CPU
		{77F548F2-9BA8-4EAE-864A-5FA4F7DAE547}.Release|iPhoneSimulator.ActiveCfg = Release|Any CPU
		{77F548F2-9BA8-4EAE-864A-5FA4F7DAE547}.Release|iPhoneSimulator.Build.0 = Release|Any CPU
		{8FB47016-57CD-44DA-B08C-E21B2E1B7F91}.Debug|Any CPU.ActiveCfg = Debug|Any CPU
		{8FB47016-57CD-44DA-B08C-E21B2E1B7F91}.Debug|Any CPU.Build.0 = Debug|Any CPU
		{8FB47016-57CD-44DA-B08C-E21B2E1B7F91}.Debug|iPhone.ActiveCfg = Debug|Any CPU
		{8FB47016-57CD-44DA-B08C-E21B2E1B7F91}.Debug|iPhone.Build.0 = Debug|Any CPU
		{8FB47016-57CD-44DA-B08C-E21B2E1B7F91}.Debug|iPhoneSimulator.ActiveCfg = Debug|Any CPU
		{8FB47016-57CD-44DA-B08C-E21B2E1B7F91}.Debug|iPhoneSimulator.Build.0 = Debug|Any CPU
		{8FB47016-57CD-44DA-B08C-E21B2E1B7F91}.Release|Any CPU.ActiveCfg = Release|Any CPU
		{8FB47016-57CD-44DA-B08C-E21B2E1B7F91}.Release|Any CPU.Build.0 = Release|Any CPU
		{8FB47016-57CD-44DA-B08C-E21B2E1B7F91}.Release|iPhone.ActiveCfg = Release|Any CPU
		{8FB47016-57CD-44DA-B08C-E21B2E1B7F91}.Release|iPhone.Build.0 = Release|Any CPU
		{8FB47016-57CD-44DA-B08C-E21B2E1B7F91}.Release|iPhoneSimulator.ActiveCfg = Release|Any CPU
		{8FB47016-57CD-44DA-B08C-E21B2E1B7F91}.Release|iPhoneSimulator.Build.0 = Release|Any CPU
	EndGlobalSection
	GlobalSection(SolutionProperties) = preSolution
		HideSolutionNode = FALSE
	EndGlobalSection
	GlobalSection(NestedProjects) = preSolution
		{8FB47016-57CD-44DA-B08C-E21B2E1B7F91} = {40F36E27-C135-4B79-BD8F-D50F04E380DE}
	EndGlobalSection
	GlobalSection(ExtensibilityGlobals) = postSolution
		SolutionGuid = {E27679B8-83D6-4D73-BC44-F0F321B9954F}
	EndGlobalSection
	GlobalSection(MonoDevelopProperties) = preSolution
		StartupItem = Chance.MvvmCross.Plugins.UserInteraction\Chance.MvvmCross.Plugins.UserInteraction.csproj
	EndGlobalSection
EndGlobal
